// !$*UTF8*$!
{
	archiveVersion = 1;
	classes = {
	};
	objectVersion = 56;
	objects = {

/* Begin PBXBuildFile section */
		A119224B2B1FD15000AF2018 /* CellIdentifiers.swift in Sources */ = {isa = PBXBuildFile; fileRef = A119224A2B1FD15000AF2018 /* CellIdentifiers.swift */; };
		A119224E2B1FD9FF00AF2018 /* HomeViewModel.swift in Sources */ = {isa = PBXBuildFile; fileRef = A119224D2B1FD9FF00AF2018 /* HomeViewModel.swift */; };
		A11922502B1FDA1D00AF2018 /* HomeModel.swift in Sources */ = {isa = PBXBuildFile; fileRef = A119224F2B1FDA1D00AF2018 /* HomeModel.swift */; };
		A11922522B1FDAD900AF2018 /* HomeCollectionViewTableViewCell.swift in Sources */ = {isa = PBXBuildFile; fileRef = A11922512B1FDAD900AF2018 /* HomeCollectionViewTableViewCell.swift */; };
		A11922552B1FDB9400AF2018 /* UITableViewExtensions.swift in Sources */ = {isa = PBXBuildFile; fileRef = A11922542B1FDB9400AF2018 /* UITableViewExtensions.swift */; };
		A11922572B1FE38400AF2018 /* UICollectionViewExtensions.swift in Sources */ = {isa = PBXBuildFile; fileRef = A11922562B1FE38400AF2018 /* UICollectionViewExtensions.swift */; };
		A119225A2B1FE55A00AF2018 /* HomeCollectionViewTableViewCellModel.swift in Sources */ = {isa = PBXBuildFile; fileRef = A11922592B1FE55A00AF2018 /* HomeCollectionViewTableViewCellModel.swift */; };
		A120D33A2B1E8C5500D2B685 /* AppDelegate.swift in Sources */ = {isa = PBXBuildFile; fileRef = A120D3392B1E8C5500D2B685 /* AppDelegate.swift */; };
		A120D33C2B1E8C5500D2B685 /* SceneDelegate.swift in Sources */ = {isa = PBXBuildFile; fileRef = A120D33B2B1E8C5500D2B685 /* SceneDelegate.swift */; };
		A120D33E2B1E8C5500D2B685 /* MainTabBarController.swift in Sources */ = {isa = PBXBuildFile; fileRef = A120D33D2B1E8C5500D2B685 /* MainTabBarController.swift */; };
		A120D3432B1E8C5800D2B685 /* Assets.xcassets in Resources */ = {isa = PBXBuildFile; fileRef = A120D3422B1E8C5800D2B685 /* Assets.xcassets */; };
		A120D3462B1E8C5800D2B685 /* LaunchScreen.storyboard in Resources */ = {isa = PBXBuildFile; fileRef = A120D3442B1E8C5800D2B685 /* LaunchScreen.storyboard */; };
		A120D3562B1EA07700D2B685 /* HomeViewController.swift in Sources */ = {isa = PBXBuildFile; fileRef = A120D3552B1EA07700D2B685 /* HomeViewController.swift */; };
		A120D3582B1EA08500D2B685 /* DownloadsViewController.swift in Sources */ = {isa = PBXBuildFile; fileRef = A120D3572B1EA08500D2B685 /* DownloadsViewController.swift */; };
		A120D35A2B1EA08F00D2B685 /* SearchViewController.swift in Sources */ = {isa = PBXBuildFile; fileRef = A120D3592B1EA08F00D2B685 /* SearchViewController.swift */; };
		A120D35D2B1EA09E00D2B685 /* UpcomingViewController.swift in Sources */ = {isa = PBXBuildFile; fileRef = A120D35C2B1EA09E00D2B685 /* UpcomingViewController.swift */; };
		A12FBA8B2B3B84DE00FFAB2C /* Requests+Configuration.swift in Sources */ = {isa = PBXBuildFile; fileRef = A12FBA8A2B3B84DE00FFAB2C /* Requests+Configuration.swift */; };
		A12FBA8D2B3B87B700FFAB2C /* ConfigurationDetails.swift in Sources */ = {isa = PBXBuildFile; fileRef = A12FBA8C2B3B87B700FFAB2C /* ConfigurationDetails.swift */; };
		A12FBA8F2B3B987800FFAB2C /* KingfisherExtensions.swift in Sources */ = {isa = PBXBuildFile; fileRef = A12FBA8E2B3B987800FFAB2C /* KingfisherExtensions.swift */; };
		A16B352A2B3254FC00A38050 /* StringExtensions.swift in Sources */ = {isa = PBXBuildFile; fileRef = A16B35292B3254FC00A38050 /* StringExtensions.swift */; };
		A16B352D2B32665800A38050 /* NetworkManager.swift in Sources */ = {isa = PBXBuildFile; fileRef = A16B352C2B32665800A38050 /* NetworkManager.swift */; };
		A16B35302B32671F00A38050 /* NetworkManagerImpl.swift in Sources */ = {isa = PBXBuildFile; fileRef = A16B352F2B32671F00A38050 /* NetworkManagerImpl.swift */; };
		A16B35322B32673E00A38050 /* NetworkManagerFactory.swift in Sources */ = {isa = PBXBuildFile; fileRef = A16B35312B32673E00A38050 /* NetworkManagerFactory.swift */; };
		A16B35352B326CFE00A38050 /* Requests.swift in Sources */ = {isa = PBXBuildFile; fileRef = A16B35342B326CFE00A38050 /* Requests.swift */; };
		A1735AC12B339FB2002C11FA /* NetworkManagerSpy.swift in Sources */ = {isa = PBXBuildFile; fileRef = A1735AC02B339FB2002C11FA /* NetworkManagerSpy.swift */; };
		A1735ACF2B33A77A002C11FA /* URLRequestBuilder.swift in Sources */ = {isa = PBXBuildFile; fileRef = A1735ACE2B33A77A002C11FA /* URLRequestBuilder.swift */; };
		A1735AD22B33AB0E002C11FA /* HTTPMethod.swift in Sources */ = {isa = PBXBuildFile; fileRef = A1735AD12B33AB0E002C11FA /* HTTPMethod.swift */; };
		A1735AD62B33B13B002C11FA /* URLRequestBuilder+Requests.swift in Sources */ = {isa = PBXBuildFile; fileRef = A1735AD52B33B13B002C11FA /* URLRequestBuilder+Requests.swift */; };
		A1735AD82B33B3BE002C11FA /* Logger.swift in Sources */ = {isa = PBXBuildFile; fileRef = A1735AD72B33B3BE002C11FA /* Logger.swift */; };
		A1735ADA2B33B867002C11FA /* Requests+Trending.swift in Sources */ = {isa = PBXBuildFile; fileRef = A1735AD92B33B867002C11FA /* Requests+Trending.swift */; };
		A175C3CB2B5F370300852CD0 /* AppState.swift in Sources */ = {isa = PBXBuildFile; fileRef = A175C3CA2B5F370300852CD0 /* AppState.swift */; };
		A175C3CD2B5F379200852CD0 /* DIContainer.swift in Sources */ = {isa = PBXBuildFile; fileRef = A175C3CC2B5F379200852CD0 /* DIContainer.swift */; };
		A17F0ACA2B32785300FAC765 /* BaseViewController.swift in Sources */ = {isa = PBXBuildFile; fileRef = A17F0AC92B32785300FAC765 /* BaseViewController.swift */; };
		A182F4272B5B4C8C00FD84EE /* SearchResultsViewController.swift in Sources */ = {isa = PBXBuildFile; fileRef = A182F4262B5B4C8C00FD84EE /* SearchResultsViewController.swift */; };
		A182F4292B5B4C9E00FD84EE /* SearchResultsViewModel.swift in Sources */ = {isa = PBXBuildFile; fileRef = A182F4282B5B4C9E00FD84EE /* SearchResultsViewModel.swift */; };
		A182F42B2B5B4CAB00FD84EE /* SearchResultsModel.swift in Sources */ = {isa = PBXBuildFile; fileRef = A182F42A2B5B4CAB00FD84EE /* SearchResultsModel.swift */; };
		A1A09C262B3A3D59007417D9 /* CinemaPosterCollectionViewCell.swift in Sources */ = {isa = PBXBuildFile; fileRef = A1A09C252B3A3D59007417D9 /* CinemaPosterCollectionViewCell.swift */; };
		A1A1D84D2B2BA30800357B00 /* swiftlint.yml in Resources */ = {isa = PBXBuildFile; fileRef = A1A1D84C2B2BA30800357B00 /* swiftlint.yml */; };
		A1A1D84F2B2BAFC400357B00 /* Colors.xcassets in Resources */ = {isa = PBXBuildFile; fileRef = A1A1D84E2B2BAFC400357B00 /* Colors.xcassets */; };
		A1A677BD2B3F64D90086A6BF /* PublisherExtensions.swift in Sources */ = {isa = PBXBuildFile; fileRef = A1A677BC2B3F64D90086A6BF /* PublisherExtensions.swift */; };
		A1A677C22B3F66EE0086A6BF /* UpcomingCinemaTableViewCell.swift in Sources */ = {isa = PBXBuildFile; fileRef = A1A677C12B3F66EE0086A6BF /* UpcomingCinemaTableViewCell.swift */; };
		A1A677C62B3F671A0086A6BF /* UpcomingCinemaTableViewCellModel.swift in Sources */ = {isa = PBXBuildFile; fileRef = A1A677C52B3F671A0086A6BF /* UpcomingCinemaTableViewCellModel.swift */; };
		A1A677C82B3F6D410086A6BF /* Constants.swift in Sources */ = {isa = PBXBuildFile; fileRef = A1A677C72B3F6D410086A6BF /* Constants.swift */; };
		A1A677CA2B3F89B10086A6BF /* SearchViewModel.swift in Sources */ = {isa = PBXBuildFile; fileRef = A1A677C92B3F89B10086A6BF /* SearchViewModel.swift */; };
		A1A677CC2B3F89BE0086A6BF /* SearchModel.swift in Sources */ = {isa = PBXBuildFile; fileRef = A1A677CB2B3F89BE0086A6BF /* SearchModel.swift */; };
		A1A677CF2B3F89FD0086A6BF /* SearchCinemaTableViewCell.swift in Sources */ = {isa = PBXBuildFile; fileRef = A1A677CE2B3F89FD0086A6BF /* SearchCinemaTableViewCell.swift */; };
		A1A677D12B3F8A090086A6BF /* SearchCinemaTableViewCellModel.swift in Sources */ = {isa = PBXBuildFile; fileRef = A1A677D02B3F8A090086A6BF /* SearchCinemaTableViewCellModel.swift */; };
		A1A677D32B3F8C780086A6BF /* Requests+Discover.swift in Sources */ = {isa = PBXBuildFile; fileRef = A1A677D22B3F8C780086A6BF /* Requests+Discover.swift */; };
		A1A7A2232B362DAA00F49FF4 /* Requests+Movie.swift in Sources */ = {isa = PBXBuildFile; fileRef = A1A7A2222B362DAA00F49FF4 /* Requests+Movie.swift */; };
		A1A7A2252B36327800F49FF4 /* HomeDataType.swift in Sources */ = {isa = PBXBuildFile; fileRef = A1A7A2242B36327800F49FF4 /* HomeDataType.swift */; };
		A1A7A2272B364EB100F49FF4 /* TabBarSelectable.swift in Sources */ = {isa = PBXBuildFile; fileRef = A1A7A2262B364EB100F49FF4 /* TabBarSelectable.swift */; };
		A1D0CF6C2B3E330E00B8D8F9 /* UpcomingViewModel.swift in Sources */ = {isa = PBXBuildFile; fileRef = A1D0CF6B2B3E330E00B8D8F9 /* UpcomingViewModel.swift */; };
		A1D0CF6E2B3E331A00B8D8F9 /* UpcomingModel.swift in Sources */ = {isa = PBXBuildFile; fileRef = A1D0CF6D2B3E331A00B8D8F9 /* UpcomingModel.swift */; };
		A1DB1C7A2B34EDBC00D19ED1 /* PagedModel.swift in Sources */ = {isa = PBXBuildFile; fileRef = A1DB1C792B34EDBC00D19ED1 /* PagedModel.swift */; };
		A1DB1C7C2B34EFA300D19ED1 /* Cinema.swift in Sources */ = {isa = PBXBuildFile; fileRef = A1DB1C7B2B34EFA300D19ED1 /* Cinema.swift */; };
		A1DB1C7E2B34FED900D19ED1 /* NetworkManagerError.swift in Sources */ = {isa = PBXBuildFile; fileRef = A1DB1C7D2B34FED900D19ED1 /* NetworkManagerError.swift */; };
		A1F129132B212AA6001F7D62 /* UIApplicationExtensions.swift in Sources */ = {isa = PBXBuildFile; fileRef = A1F129122B212AA6001F7D62 /* UIApplicationExtensions.swift */; };
		A1F129182B212F1A001F7D62 /* HomeHeaderView.swift in Sources */ = {isa = PBXBuildFile; fileRef = A1F129172B212F1A001F7D62 /* HomeHeaderView.swift */; };
		A1F1291A2B212F28001F7D62 /* HomeHeaderViewModel.swift in Sources */ = {isa = PBXBuildFile; fileRef = A1F129192B212F28001F7D62 /* HomeHeaderViewModel.swift */; };
		A1F1291C2B213739001F7D62 /* Localizable.xcstrings in Resources */ = {isa = PBXBuildFile; fileRef = A1F1291B2B213739001F7D62 /* Localizable.xcstrings */; };
		E45E4408DE9BDFB853947C31 /* Pods_NetflixClone.framework in Frameworks */ = {isa = PBXBuildFile; fileRef = FA51C969DC228337C25A9EB3 /* Pods_NetflixClone.framework */; };
/* End PBXBuildFile section */

/* Begin PBXFileReference section */
		5ADBCCD1CB6D20B152B115D6 /* Pods-NetflixClone.release.xcconfig */ = {isa = PBXFileReference; includeInIndex = 1; lastKnownFileType = text.xcconfig; name = "Pods-NetflixClone.release.xcconfig"; path = "Target Support Files/Pods-NetflixClone/Pods-NetflixClone.release.xcconfig"; sourceTree = "<group>"; };
		869859BCA7E785A557EDEA98 /* Pods-NetflixClone.debug.xcconfig */ = {isa = PBXFileReference; includeInIndex = 1; lastKnownFileType = text.xcconfig; name = "Pods-NetflixClone.debug.xcconfig"; path = "Target Support Files/Pods-NetflixClone/Pods-NetflixClone.debug.xcconfig"; sourceTree = "<group>"; };
		A119224A2B1FD15000AF2018 /* CellIdentifiers.swift */ = {isa = PBXFileReference; lastKnownFileType = sourcecode.swift; path = CellIdentifiers.swift; sourceTree = "<group>"; };
		A119224D2B1FD9FF00AF2018 /* HomeViewModel.swift */ = {isa = PBXFileReference; lastKnownFileType = sourcecode.swift; path = HomeViewModel.swift; sourceTree = "<group>"; };
		A119224F2B1FDA1D00AF2018 /* HomeModel.swift */ = {isa = PBXFileReference; lastKnownFileType = sourcecode.swift; path = HomeModel.swift; sourceTree = "<group>"; };
		A11922512B1FDAD900AF2018 /* HomeCollectionViewTableViewCell.swift */ = {isa = PBXFileReference; lastKnownFileType = sourcecode.swift; path = HomeCollectionViewTableViewCell.swift; sourceTree = "<group>"; };
		A11922542B1FDB9400AF2018 /* UITableViewExtensions.swift */ = {isa = PBXFileReference; lastKnownFileType = sourcecode.swift; path = UITableViewExtensions.swift; sourceTree = "<group>"; };
		A11922562B1FE38400AF2018 /* UICollectionViewExtensions.swift */ = {isa = PBXFileReference; lastKnownFileType = sourcecode.swift; path = UICollectionViewExtensions.swift; sourceTree = "<group>"; };
		A11922592B1FE55A00AF2018 /* HomeCollectionViewTableViewCellModel.swift */ = {isa = PBXFileReference; lastKnownFileType = sourcecode.swift; path = HomeCollectionViewTableViewCellModel.swift; sourceTree = "<group>"; };
		A120D3362B1E8C5500D2B685 /* NetflixClone.app */ = {isa = PBXFileReference; explicitFileType = wrapper.application; includeInIndex = 0; path = NetflixClone.app; sourceTree = BUILT_PRODUCTS_DIR; };
		A120D3392B1E8C5500D2B685 /* AppDelegate.swift */ = {isa = PBXFileReference; lastKnownFileType = sourcecode.swift; path = AppDelegate.swift; sourceTree = "<group>"; };
		A120D33B2B1E8C5500D2B685 /* SceneDelegate.swift */ = {isa = PBXFileReference; lastKnownFileType = sourcecode.swift; path = SceneDelegate.swift; sourceTree = "<group>"; };
		A120D33D2B1E8C5500D2B685 /* MainTabBarController.swift */ = {isa = PBXFileReference; lastKnownFileType = sourcecode.swift; path = MainTabBarController.swift; sourceTree = "<group>"; };
		A120D3422B1E8C5800D2B685 /* Assets.xcassets */ = {isa = PBXFileReference; lastKnownFileType = folder.assetcatalog; path = Assets.xcassets; sourceTree = "<group>"; };
		A120D3452B1E8C5800D2B685 /* Base */ = {isa = PBXFileReference; lastKnownFileType = file.storyboard; name = Base; path = Base.lproj/LaunchScreen.storyboard; sourceTree = "<group>"; };
		A120D3472B1E8C5800D2B685 /* Info.plist */ = {isa = PBXFileReference; lastKnownFileType = text.plist.xml; path = Info.plist; sourceTree = "<group>"; };
		A120D3552B1EA07700D2B685 /* HomeViewController.swift */ = {isa = PBXFileReference; lastKnownFileType = sourcecode.swift; path = HomeViewController.swift; sourceTree = "<group>"; };
		A120D3572B1EA08500D2B685 /* DownloadsViewController.swift */ = {isa = PBXFileReference; lastKnownFileType = sourcecode.swift; path = DownloadsViewController.swift; sourceTree = "<group>"; };
		A120D3592B1EA08F00D2B685 /* SearchViewController.swift */ = {isa = PBXFileReference; lastKnownFileType = sourcecode.swift; path = SearchViewController.swift; sourceTree = "<group>"; };
		A120D35C2B1EA09E00D2B685 /* UpcomingViewController.swift */ = {isa = PBXFileReference; lastKnownFileType = sourcecode.swift; path = UpcomingViewController.swift; sourceTree = "<group>"; };
		A12FBA8A2B3B84DE00FFAB2C /* Requests+Configuration.swift */ = {isa = PBXFileReference; lastKnownFileType = sourcecode.swift; path = "Requests+Configuration.swift"; sourceTree = "<group>"; };
		A12FBA8C2B3B87B700FFAB2C /* ConfigurationDetails.swift */ = {isa = PBXFileReference; lastKnownFileType = sourcecode.swift; path = ConfigurationDetails.swift; sourceTree = "<group>"; };
		A12FBA8E2B3B987800FFAB2C /* KingfisherExtensions.swift */ = {isa = PBXFileReference; lastKnownFileType = sourcecode.swift; path = KingfisherExtensions.swift; sourceTree = "<group>"; };
		A16B35292B3254FC00A38050 /* StringExtensions.swift */ = {isa = PBXFileReference; lastKnownFileType = sourcecode.swift; path = StringExtensions.swift; sourceTree = "<group>"; };
		A16B352C2B32665800A38050 /* NetworkManager.swift */ = {isa = PBXFileReference; lastKnownFileType = sourcecode.swift; path = NetworkManager.swift; sourceTree = "<group>"; };
		A16B352F2B32671F00A38050 /* NetworkManagerImpl.swift */ = {isa = PBXFileReference; lastKnownFileType = sourcecode.swift; path = NetworkManagerImpl.swift; sourceTree = "<group>"; };
		A16B35312B32673E00A38050 /* NetworkManagerFactory.swift */ = {isa = PBXFileReference; lastKnownFileType = sourcecode.swift; path = NetworkManagerFactory.swift; sourceTree = "<group>"; };
		A16B35342B326CFE00A38050 /* Requests.swift */ = {isa = PBXFileReference; lastKnownFileType = sourcecode.swift; path = Requests.swift; sourceTree = "<group>"; };
		A1735AC02B339FB2002C11FA /* NetworkManagerSpy.swift */ = {isa = PBXFileReference; lastKnownFileType = sourcecode.swift; path = NetworkManagerSpy.swift; sourceTree = "<group>"; };
		A1735ACE2B33A77A002C11FA /* URLRequestBuilder.swift */ = {isa = PBXFileReference; lastKnownFileType = sourcecode.swift; path = URLRequestBuilder.swift; sourceTree = "<group>"; };
		A1735AD12B33AB0E002C11FA /* HTTPMethod.swift */ = {isa = PBXFileReference; lastKnownFileType = sourcecode.swift; path = HTTPMethod.swift; sourceTree = "<group>"; };
		A1735AD52B33B13B002C11FA /* URLRequestBuilder+Requests.swift */ = {isa = PBXFileReference; lastKnownFileType = sourcecode.swift; path = "URLRequestBuilder+Requests.swift"; sourceTree = "<group>"; };
		A1735AD72B33B3BE002C11FA /* Logger.swift */ = {isa = PBXFileReference; fileEncoding = 4; lastKnownFileType = sourcecode.swift; path = Logger.swift; sourceTree = "<group>"; };
		A1735AD92B33B867002C11FA /* Requests+Trending.swift */ = {isa = PBXFileReference; lastKnownFileType = sourcecode.swift; path = "Requests+Trending.swift"; sourceTree = "<group>"; };
		A175C3CA2B5F370300852CD0 /* AppState.swift */ = {isa = PBXFileReference; lastKnownFileType = sourcecode.swift; path = AppState.swift; sourceTree = "<group>"; };
		A175C3CC2B5F379200852CD0 /* DIContainer.swift */ = {isa = PBXFileReference; lastKnownFileType = sourcecode.swift; path = DIContainer.swift; sourceTree = "<group>"; };
		A17F0AC92B32785300FAC765 /* BaseViewController.swift */ = {isa = PBXFileReference; lastKnownFileType = sourcecode.swift; path = BaseViewController.swift; sourceTree = "<group>"; };
		A182F4262B5B4C8C00FD84EE /* SearchResultsViewController.swift */ = {isa = PBXFileReference; lastKnownFileType = sourcecode.swift; path = SearchResultsViewController.swift; sourceTree = "<group>"; };
		A182F4282B5B4C9E00FD84EE /* SearchResultsViewModel.swift */ = {isa = PBXFileReference; lastKnownFileType = sourcecode.swift; path = SearchResultsViewModel.swift; sourceTree = "<group>"; };
		A182F42A2B5B4CAB00FD84EE /* SearchResultsModel.swift */ = {isa = PBXFileReference; lastKnownFileType = sourcecode.swift; path = SearchResultsModel.swift; sourceTree = "<group>"; };
		A1A09C252B3A3D59007417D9 /* CinemaPosterCollectionViewCell.swift */ = {isa = PBXFileReference; lastKnownFileType = sourcecode.swift; path = CinemaPosterCollectionViewCell.swift; sourceTree = "<group>"; };
		A1A1D84C2B2BA30800357B00 /* swiftlint.yml */ = {isa = PBXFileReference; fileEncoding = 4; lastKnownFileType = text.yaml; name = swiftlint.yml; path = swiftlint/swiftlint.yml; sourceTree = SOURCE_ROOT; };
		A1A1D84E2B2BAFC400357B00 /* Colors.xcassets */ = {isa = PBXFileReference; lastKnownFileType = folder.assetcatalog; path = Colors.xcassets; sourceTree = "<group>"; };
		A1A677BC2B3F64D90086A6BF /* PublisherExtensions.swift */ = {isa = PBXFileReference; lastKnownFileType = sourcecode.swift; path = PublisherExtensions.swift; sourceTree = "<group>"; };
		A1A677C12B3F66EE0086A6BF /* UpcomingCinemaTableViewCell.swift */ = {isa = PBXFileReference; lastKnownFileType = sourcecode.swift; path = UpcomingCinemaTableViewCell.swift; sourceTree = "<group>"; };
		A1A677C52B3F671A0086A6BF /* UpcomingCinemaTableViewCellModel.swift */ = {isa = PBXFileReference; lastKnownFileType = sourcecode.swift; path = UpcomingCinemaTableViewCellModel.swift; sourceTree = "<group>"; };
		A1A677C72B3F6D410086A6BF /* Constants.swift */ = {isa = PBXFileReference; lastKnownFileType = sourcecode.swift; path = Constants.swift; sourceTree = "<group>"; };
		A1A677C92B3F89B10086A6BF /* SearchViewModel.swift */ = {isa = PBXFileReference; lastKnownFileType = sourcecode.swift; path = SearchViewModel.swift; sourceTree = "<group>"; };
		A1A677CB2B3F89BE0086A6BF /* SearchModel.swift */ = {isa = PBXFileReference; lastKnownFileType = sourcecode.swift; path = SearchModel.swift; sourceTree = "<group>"; };
		A1A677CE2B3F89FD0086A6BF /* SearchCinemaTableViewCell.swift */ = {isa = PBXFileReference; lastKnownFileType = sourcecode.swift; path = SearchCinemaTableViewCell.swift; sourceTree = "<group>"; };
		A1A677D02B3F8A090086A6BF /* SearchCinemaTableViewCellModel.swift */ = {isa = PBXFileReference; lastKnownFileType = sourcecode.swift; path = SearchCinemaTableViewCellModel.swift; sourceTree = "<group>"; };
		A1A677D22B3F8C780086A6BF /* Requests+Discover.swift */ = {isa = PBXFileReference; lastKnownFileType = sourcecode.swift; path = "Requests+Discover.swift"; sourceTree = "<group>"; };
		A1A7A2222B362DAA00F49FF4 /* Requests+Movie.swift */ = {isa = PBXFileReference; lastKnownFileType = sourcecode.swift; path = "Requests+Movie.swift"; sourceTree = "<group>"; };
		A1A7A2242B36327800F49FF4 /* HomeDataType.swift */ = {isa = PBXFileReference; lastKnownFileType = sourcecode.swift; path = HomeDataType.swift; sourceTree = "<group>"; };
		A1A7A2262B364EB100F49FF4 /* TabBarSelectable.swift */ = {isa = PBXFileReference; lastKnownFileType = sourcecode.swift; path = TabBarSelectable.swift; sourceTree = "<group>"; };
		A1D0CF6B2B3E330E00B8D8F9 /* UpcomingViewModel.swift */ = {isa = PBXFileReference; lastKnownFileType = sourcecode.swift; path = UpcomingViewModel.swift; sourceTree = "<group>"; };
		A1D0CF6D2B3E331A00B8D8F9 /* UpcomingModel.swift */ = {isa = PBXFileReference; lastKnownFileType = sourcecode.swift; path = UpcomingModel.swift; sourceTree = "<group>"; };
		A1DB1C792B34EDBC00D19ED1 /* PagedModel.swift */ = {isa = PBXFileReference; lastKnownFileType = sourcecode.swift; path = PagedModel.swift; sourceTree = "<group>"; };
		A1DB1C7B2B34EFA300D19ED1 /* Cinema.swift */ = {isa = PBXFileReference; lastKnownFileType = sourcecode.swift; path = Cinema.swift; sourceTree = "<group>"; };
		A1DB1C7D2B34FED900D19ED1 /* NetworkManagerError.swift */ = {isa = PBXFileReference; lastKnownFileType = sourcecode.swift; path = NetworkManagerError.swift; sourceTree = "<group>"; };
		A1F129122B212AA6001F7D62 /* UIApplicationExtensions.swift */ = {isa = PBXFileReference; lastKnownFileType = sourcecode.swift; path = UIApplicationExtensions.swift; sourceTree = "<group>"; };
		A1F129172B212F1A001F7D62 /* HomeHeaderView.swift */ = {isa = PBXFileReference; lastKnownFileType = sourcecode.swift; path = HomeHeaderView.swift; sourceTree = "<group>"; };
		A1F129192B212F28001F7D62 /* HomeHeaderViewModel.swift */ = {isa = PBXFileReference; lastKnownFileType = sourcecode.swift; path = HomeHeaderViewModel.swift; sourceTree = "<group>"; };
		A1F1291B2B213739001F7D62 /* Localizable.xcstrings */ = {isa = PBXFileReference; lastKnownFileType = text.json.xcstrings; path = Localizable.xcstrings; sourceTree = "<group>"; };
		FA51C969DC228337C25A9EB3 /* Pods_NetflixClone.framework */ = {isa = PBXFileReference; explicitFileType = wrapper.framework; includeInIndex = 0; path = Pods_NetflixClone.framework; sourceTree = BUILT_PRODUCTS_DIR; };
/* End PBXFileReference section */

/* Begin PBXFrameworksBuildPhase section */
		A120D3332B1E8C5500D2B685 /* Frameworks */ = {
			isa = PBXFrameworksBuildPhase;
			buildActionMask = 2147483647;
			files = (
				E45E4408DE9BDFB853947C31 /* Pods_NetflixClone.framework in Frameworks */,
			);
			runOnlyForDeploymentPostprocessing = 0;
		};
/* End PBXFrameworksBuildPhase section */

/* Begin PBXGroup section */
		392F939542A209F9F75774D5 /* Frameworks */ = {
			isa = PBXGroup;
			children = (
				FA51C969DC228337C25A9EB3 /* Pods_NetflixClone.framework */,
			);
			name = Frameworks;
			sourceTree = "<group>";
		};
		A11922462B1FD08500AF2018 /* Common */ = {
			isa = PBXGroup;
			children = (
				A175C3CA2B5F370300852CD0 /* AppState.swift */,
				A16B353A2B32749800A38050 /* Base */,
				A11922472B1FD09100AF2018 /* Constants */,
				A175C3CC2B5F379200852CD0 /* DIContainer.swift */,
				A11922532B1FDB3C00AF2018 /* Extensions */,
				A1735AD72B33B3BE002C11FA /* Logger.swift */,
				A16B352B2B32663900A38050 /* Network */,
			);
			path = Common;
			sourceTree = "<group>";
		};
		A11922472B1FD09100AF2018 /* Constants */ = {
			isa = PBXGroup;
			children = (
				A119224A2B1FD15000AF2018 /* CellIdentifiers.swift */,
				A1A677C72B3F6D410086A6BF /* Constants.swift */,
			);
			path = Constants;
			sourceTree = "<group>";
		};
		A11922532B1FDB3C00AF2018 /* Extensions */ = {
			isa = PBXGroup;
			children = (
				A12FBA8E2B3B987800FFAB2C /* KingfisherExtensions.swift */,
				A1A677BC2B3F64D90086A6BF /* PublisherExtensions.swift */,
				A16B35292B3254FC00A38050 /* StringExtensions.swift */,
				A1F129122B212AA6001F7D62 /* UIApplicationExtensions.swift */,
				A11922562B1FE38400AF2018 /* UICollectionViewExtensions.swift */,
				A11922542B1FDB9400AF2018 /* UITableViewExtensions.swift */,
				A1735AD52B33B13B002C11FA /* URLRequestBuilder+Requests.swift */,
			);
			path = Extensions;
			sourceTree = "<group>";
		};
		A11922582B1FE54E00AF2018 /* CollectionCell */ = {
			isa = PBXGroup;
			children = (
				A1A09C242B3A3D18007417D9 /* CinemaPosterCell */,
				A11922512B1FDAD900AF2018 /* HomeCollectionViewTableViewCell.swift */,
				A11922592B1FE55A00AF2018 /* HomeCollectionViewTableViewCellModel.swift */,
			);
			path = CollectionCell;
			sourceTree = "<group>";
		};
		A120D32D2B1E8C5500D2B685 = {
			isa = PBXGroup;
			children = (
				A120D3382B1E8C5500D2B685 /* NetflixClone */,
				A120D3372B1E8C5500D2B685 /* Products */,
				F6D97BC3C25FEBFE8BA283DE /* Pods */,
				392F939542A209F9F75774D5 /* Frameworks */,
			);
			sourceTree = "<group>";
		};
		A120D3372B1E8C5500D2B685 /* Products */ = {
			isa = PBXGroup;
			children = (
				A120D3362B1E8C5500D2B685 /* NetflixClone.app */,
			);
			name = Products;
			sourceTree = "<group>";
		};
		A120D3382B1E8C5500D2B685 /* NetflixClone */ = {
			isa = PBXGroup;
			children = (
				A120D34E2B1E9D7F00D2B685 /* AppDelegate */,
				A11922462B1FD08500AF2018 /* Common */,
				A120D34F2B1E9D9100D2B685 /* Flow */,
				A120D3502B1E9D9A00D2B685 /* Resources */,
			);
			path = NetflixClone;
			sourceTree = "<group>";
		};
		A120D34E2B1E9D7F00D2B685 /* AppDelegate */ = {
			isa = PBXGroup;
			children = (
				A120D3392B1E8C5500D2B685 /* AppDelegate.swift */,
				A120D33B2B1E8C5500D2B685 /* SceneDelegate.swift */,
			);
			path = AppDelegate;
			sourceTree = "<group>";
		};
		A120D34F2B1E9D9100D2B685 /* Flow */ = {
			isa = PBXGroup;
			children = (
				A120D3542B1EA05100D2B685 /* Downloads */,
				A120D3512B1EA03200D2B685 /* Home */,
				A1A7A2282B364EC400F49FF4 /* MainTabBar */,
				A120D3532B1EA04B00D2B685 /* Search */,
				A120D3522B1EA03B00D2B685 /* Upcoming */,
			);
			path = Flow;
			sourceTree = "<group>";
		};
		A120D3502B1E9D9A00D2B685 /* Resources */ = {
			isa = PBXGroup;
			children = (
				A120D3422B1E8C5800D2B685 /* Assets.xcassets */,
				A1A1D84E2B2BAFC400357B00 /* Colors.xcassets */,
				A120D3472B1E8C5800D2B685 /* Info.plist */,
				A120D3442B1E8C5800D2B685 /* LaunchScreen.storyboard */,
				A1F1291B2B213739001F7D62 /* Localizable.xcstrings */,
				A1A1D84C2B2BA30800357B00 /* swiftlint.yml */,
			);
			path = Resources;
			sourceTree = "<group>";
		};
		A120D3512B1EA03200D2B685 /* Home */ = {
			isa = PBXGroup;
			children = (
				A1A7A2242B36327800F49FF4 /* HomeDataType.swift */,
				A119224F2B1FDA1D00AF2018 /* HomeModel.swift */,
				A120D3552B1EA07700D2B685 /* HomeViewController.swift */,
				A119224D2B1FD9FF00AF2018 /* HomeViewModel.swift */,
				A1F129142B212ED1001F7D62 /* Views */,
			);
			path = Home;
			sourceTree = "<group>";
		};
		A120D3522B1EA03B00D2B685 /* Upcoming */ = {
			isa = PBXGroup;
			children = (
				A1D0CF6D2B3E331A00B8D8F9 /* UpcomingModel.swift */,
				A120D35C2B1EA09E00D2B685 /* UpcomingViewController.swift */,
				A1D0CF6B2B3E330E00B8D8F9 /* UpcomingViewModel.swift */,
				A1A677C02B3F66A30086A6BF /* UpcomingCinemaCell */,
			);
			path = Upcoming;
			sourceTree = "<group>";
		};
		A120D3532B1EA04B00D2B685 /* Search */ = {
			isa = PBXGroup;
			children = (
				A1A677CB2B3F89BE0086A6BF /* SearchModel.swift */,
				A182F4252B5B4C5900FD84EE /* SearchResults */,
				A120D3592B1EA08F00D2B685 /* SearchViewController.swift */,
				A1A677C92B3F89B10086A6BF /* SearchViewModel.swift */,
				A163E44A2B43822C00A030D8 /* Views */,
			);
			path = Search;
			sourceTree = "<group>";
		};
		A120D3542B1EA05100D2B685 /* Downloads */ = {
			isa = PBXGroup;
			children = (
				A120D3572B1EA08500D2B685 /* DownloadsViewController.swift */,
			);
			path = Downloads;
			sourceTree = "<group>";
		};
		A163E44A2B43822C00A030D8 /* Views */ = {
			isa = PBXGroup;
			children = (
				A1A677CD2B3F89D30086A6BF /* SearchCinemaCell */,
			);
			path = Views;
			sourceTree = "<group>";
		};
		A16B352B2B32663900A38050 /* Network */ = {
			isa = PBXGroup;
			children = (
				A1DB1C782B34E8A100D19ED1 /* API */,
				A16B352E2B3266F800A38050 /* NetworkManager */,
				A1735AD02B33AAFC002C11FA /* RequestBuilder */,
				A16B35332B326CED00A38050 /* Requests */,
			);
			path = Network;
			sourceTree = "<group>";
		};
		A16B352E2B3266F800A38050 /* NetworkManager */ = {
			isa = PBXGroup;
			children = (
				A1735ABF2B339F96002C11FA /* Managers */,
				A16B352C2B32665800A38050 /* NetworkManager.swift */,
				A1DB1C7D2B34FED900D19ED1 /* NetworkManagerError.swift */,
				A16B35312B32673E00A38050 /* NetworkManagerFactory.swift */,
			);
			path = NetworkManager;
			sourceTree = "<group>";
		};
		A16B35332B326CED00A38050 /* Requests */ = {
			isa = PBXGroup;
			children = (
				A16B35342B326CFE00A38050 /* Requests.swift */,
				A12FBA8A2B3B84DE00FFAB2C /* Requests+Configuration.swift */,
				A1A677D22B3F8C780086A6BF /* Requests+Discover.swift */,
				A1A7A2222B362DAA00F49FF4 /* Requests+Movie.swift */,
				A1735AD92B33B867002C11FA /* Requests+Trending.swift */,
			);
			path = Requests;
			sourceTree = "<group>";
		};
		A16B353A2B32749800A38050 /* Base */ = {
			isa = PBXGroup;
			children = (
				A17F0AC92B32785300FAC765 /* BaseViewController.swift */,
			);
			path = Base;
			sourceTree = "<group>";
		};
		A1735ABF2B339F96002C11FA /* Managers */ = {
			isa = PBXGroup;
			children = (
				A16B352F2B32671F00A38050 /* NetworkManagerImpl.swift */,
				A1735AC02B339FB2002C11FA /* NetworkManagerSpy.swift */,
			);
			path = Managers;
			sourceTree = "<group>";
		};
		A1735AD02B33AAFC002C11FA /* RequestBuilder */ = {
			isa = PBXGroup;
			children = (
				A1735AD12B33AB0E002C11FA /* HTTPMethod.swift */,
				A1735ACE2B33A77A002C11FA /* URLRequestBuilder.swift */,
			);
			path = RequestBuilder;
			sourceTree = "<group>";
		};
		A182F4252B5B4C5900FD84EE /* SearchResults */ = {
			isa = PBXGroup;
			children = (
				A182F42A2B5B4CAB00FD84EE /* SearchResultsModel.swift */,
				A182F4262B5B4C8C00FD84EE /* SearchResultsViewController.swift */,
				A182F4282B5B4C9E00FD84EE /* SearchResultsViewModel.swift */,
			);
			path = SearchResults;
			sourceTree = "<group>";
		};
		A1A09C242B3A3D18007417D9 /* CinemaPosterCell */ = {
			isa = PBXGroup;
			children = (
				A1A09C252B3A3D59007417D9 /* CinemaPosterCollectionViewCell.swift */,
			);
			path = CinemaPosterCell;
			sourceTree = "<group>";
		};
		A1A677C02B3F66A30086A6BF /* UpcomingCinemaCell */ = {
			isa = PBXGroup;
			children = (
				A1A677C12B3F66EE0086A6BF /* UpcomingCinemaTableViewCell.swift */,
				A1A677C52B3F671A0086A6BF /* UpcomingCinemaTableViewCellModel.swift */,
			);
			path = UpcomingCinemaCell;
			sourceTree = "<group>";
		};
		A1A677CD2B3F89D30086A6BF /* SearchCinemaCell */ = {
			isa = PBXGroup;
			children = (
				A1A677CE2B3F89FD0086A6BF /* SearchCinemaTableViewCell.swift */,
				A1A677D02B3F8A090086A6BF /* SearchCinemaTableViewCellModel.swift */,
			);
			path = SearchCinemaCell;
			sourceTree = "<group>";
		};
		A1A7A2282B364EC400F49FF4 /* MainTabBar */ = {
			isa = PBXGroup;
			children = (
				A120D33D2B1E8C5500D2B685 /* MainTabBarController.swift */,
				A1A7A2262B364EB100F49FF4 /* TabBarSelectable.swift */,
			);
			path = MainTabBar;
			sourceTree = "<group>";
		};
		A1DB1C782B34E8A100D19ED1 /* API */ = {
			isa = PBXGroup;
			children = (
				A1DB1C7B2B34EFA300D19ED1 /* Cinema.swift */,
				A12FBA8C2B3B87B700FFAB2C /* ConfigurationDetails.swift */,
				A1DB1C792B34EDBC00D19ED1 /* PagedModel.swift */,
			);
			path = API;
			sourceTree = "<group>";
		};
		A1F129142B212ED1001F7D62 /* Views */ = {
			isa = PBXGroup;
			children = (
				A11922582B1FE54E00AF2018 /* CollectionCell */,
				A1F129162B212EE7001F7D62 /* HeaderView */,
			);
			name = Views;
			sourceTree = "<group>";
		};
		A1F129162B212EE7001F7D62 /* HeaderView */ = {
			isa = PBXGroup;
			children = (
				A1F129172B212F1A001F7D62 /* HomeHeaderView.swift */,
				A1F129192B212F28001F7D62 /* HomeHeaderViewModel.swift */,
			);
			path = HeaderView;
			sourceTree = "<group>";
		};
		F6D97BC3C25FEBFE8BA283DE /* Pods */ = {
			isa = PBXGroup;
			children = (
				869859BCA7E785A557EDEA98 /* Pods-NetflixClone.debug.xcconfig */,
				5ADBCCD1CB6D20B152B115D6 /* Pods-NetflixClone.release.xcconfig */,
			);
			path = Pods;
			sourceTree = "<group>";
		};
/* End PBXGroup section */

/* Begin PBXNativeTarget section */
		A120D3352B1E8C5500D2B685 /* NetflixClone */ = {
			isa = PBXNativeTarget;
			buildConfigurationList = A120D34A2B1E8C5800D2B685 /* Build configuration list for PBXNativeTarget "NetflixClone" */;
			buildPhases = (
				A4D21D844F28867881DC6937 /* [CP] Check Pods Manifest.lock */,
				A120D3322B1E8C5500D2B685 /* Sources */,
				A120D34D2B1E911500D2B685 /* Swiftlint */,
				A120D3332B1E8C5500D2B685 /* Frameworks */,
				A120D3342B1E8C5500D2B685 /* Resources */,
				378F93E05F1892DED30350D9 /* [CP] Embed Pods Frameworks */,
			);
			buildRules = (
			);
			dependencies = (
			);
			name = NetflixClone;
			productName = NetflixClone;
			productReference = A120D3362B1E8C5500D2B685 /* NetflixClone.app */;
			productType = "com.apple.product-type.application";
		};
/* End PBXNativeTarget section */

/* Begin PBXProject section */
		A120D32E2B1E8C5500D2B685 /* Project object */ = {
			isa = PBXProject;
			attributes = {
				BuildIndependentTargetsInParallel = 1;
				LastSwiftUpdateCheck = 1500;
				LastUpgradeCheck = 1500;
				TargetAttributes = {
					A120D3352B1E8C5500D2B685 = {
						CreatedOnToolsVersion = 15.0.1;
					};
				};
			};
			buildConfigurationList = A120D3312B1E8C5500D2B685 /* Build configuration list for PBXProject "NetflixClone" */;
			compatibilityVersion = "Xcode 14.0";
			developmentRegion = en;
			hasScannedForEncodings = 0;
			knownRegions = (
				en,
				Base,
			);
			mainGroup = A120D32D2B1E8C5500D2B685;
			productRefGroup = A120D3372B1E8C5500D2B685 /* Products */;
			projectDirPath = "";
			projectRoot = "";
			targets = (
				A120D3352B1E8C5500D2B685 /* NetflixClone */,
			);
		};
/* End PBXProject section */

/* Begin PBXResourcesBuildPhase section */
		A120D3342B1E8C5500D2B685 /* Resources */ = {
			isa = PBXResourcesBuildPhase;
			buildActionMask = 2147483647;
			files = (
				A1A1D84F2B2BAFC400357B00 /* Colors.xcassets in Resources */,
				A120D3462B1E8C5800D2B685 /* LaunchScreen.storyboard in Resources */,
				A1A1D84D2B2BA30800357B00 /* swiftlint.yml in Resources */,
				A120D3432B1E8C5800D2B685 /* Assets.xcassets in Resources */,
				A1F1291C2B213739001F7D62 /* Localizable.xcstrings in Resources */,
			);
			runOnlyForDeploymentPostprocessing = 0;
		};
/* End PBXResourcesBuildPhase section */

/* Begin PBXShellScriptBuildPhase section */
		378F93E05F1892DED30350D9 /* [CP] Embed Pods Frameworks */ = {
			isa = PBXShellScriptBuildPhase;
			buildActionMask = 2147483647;
			files = (
			);
			inputFileListPaths = (
				"${PODS_ROOT}/Target Support Files/Pods-NetflixClone/Pods-NetflixClone-frameworks-${CONFIGURATION}-input-files.xcfilelist",
			);
			name = "[CP] Embed Pods Frameworks";
			outputFileListPaths = (
				"${PODS_ROOT}/Target Support Files/Pods-NetflixClone/Pods-NetflixClone-frameworks-${CONFIGURATION}-output-files.xcfilelist",
			);
			runOnlyForDeploymentPostprocessing = 0;
			shellPath = /bin/sh;
			shellScript = "\"${PODS_ROOT}/Target Support Files/Pods-NetflixClone/Pods-NetflixClone-frameworks.sh\"\n";
			showEnvVarsInLog = 0;
		};
		A120D34D2B1E911500D2B685 /* Swiftlint */ = {
			isa = PBXShellScriptBuildPhase;
			alwaysOutOfDate = 1;
			buildActionMask = 2147483647;
			files = (
			);
			inputFileListPaths = (
			);
			inputPaths = (
			);
			name = Swiftlint;
			outputFileListPaths = (
			);
			outputPaths = (
			);
			runOnlyForDeploymentPostprocessing = 0;
			shellPath = /bin/sh;
			shellScript = "$SRCROOT/swiftlint/run-swiftlint.sh\n";
		};
		A4D21D844F28867881DC6937 /* [CP] Check Pods Manifest.lock */ = {
			isa = PBXShellScriptBuildPhase;
			buildActionMask = 2147483647;
			files = (
			);
			inputFileListPaths = (
			);
			inputPaths = (
				"${PODS_PODFILE_DIR_PATH}/Podfile.lock",
				"${PODS_ROOT}/Manifest.lock",
			);
			name = "[CP] Check Pods Manifest.lock";
			outputFileListPaths = (
			);
			outputPaths = (
				"$(DERIVED_FILE_DIR)/Pods-NetflixClone-checkManifestLockResult.txt",
			);
			runOnlyForDeploymentPostprocessing = 0;
			shellPath = /bin/sh;
			shellScript = "diff \"${PODS_PODFILE_DIR_PATH}/Podfile.lock\" \"${PODS_ROOT}/Manifest.lock\" > /dev/null\nif [ $? != 0 ] ; then\n    # print error to STDERR\n    echo \"error: The sandbox is not in sync with the Podfile.lock. Run 'pod install' or update your CocoaPods installation.\" >&2\n    exit 1\nfi\n# This output is used by Xcode 'outputs' to avoid re-running this script phase.\necho \"SUCCESS\" > \"${SCRIPT_OUTPUT_FILE_0}\"\n";
			showEnvVarsInLog = 0;
		};
/* End PBXShellScriptBuildPhase section */

/* Begin PBXSourcesBuildPhase section */
		A120D3322B1E8C5500D2B685 /* Sources */ = {
			isa = PBXSourcesBuildPhase;
			buildActionMask = 2147483647;
			files = (
				A1A677CF2B3F89FD0086A6BF /* SearchCinemaTableViewCell.swift in Sources */,
				A182F4272B5B4C8C00FD84EE /* SearchResultsViewController.swift in Sources */,
				A16B352D2B32665800A38050 /* NetworkManager.swift in Sources */,
				A175C3CB2B5F370300852CD0 /* AppState.swift in Sources */,
				A182F4292B5B4C9E00FD84EE /* SearchResultsViewModel.swift in Sources */,
				A1DB1C7A2B34EDBC00D19ED1 /* PagedModel.swift in Sources */,
				A119225A2B1FE55A00AF2018 /* HomeCollectionViewTableViewCellModel.swift in Sources */,
				A1A677D12B3F8A090086A6BF /* SearchCinemaTableViewCellModel.swift in Sources */,
				A12FBA8B2B3B84DE00FFAB2C /* Requests+Configuration.swift in Sources */,
				A1DB1C7E2B34FED900D19ED1 /* NetworkManagerError.swift in Sources */,
				A120D35A2B1EA08F00D2B685 /* SearchViewController.swift in Sources */,
				A119224E2B1FD9FF00AF2018 /* HomeViewModel.swift in Sources */,
				A175C3CD2B5F379200852CD0 /* DIContainer.swift in Sources */,
				A1735AC12B339FB2002C11FA /* NetworkManagerSpy.swift in Sources */,
				A1735AD82B33B3BE002C11FA /* Logger.swift in Sources */,
				A1735ADA2B33B867002C11FA /* Requests+Trending.swift in Sources */,
				A11922552B1FDB9400AF2018 /* UITableViewExtensions.swift in Sources */,
				A120D3582B1EA08500D2B685 /* DownloadsViewController.swift in Sources */,
				A1A677C62B3F671A0086A6BF /* UpcomingCinemaTableViewCellModel.swift in Sources */,
				A11922522B1FDAD900AF2018 /* HomeCollectionViewTableViewCell.swift in Sources */,
				A1A677CA2B3F89B10086A6BF /* SearchViewModel.swift in Sources */,
				A1F129132B212AA6001F7D62 /* UIApplicationExtensions.swift in Sources */,
				A1A677CC2B3F89BE0086A6BF /* SearchModel.swift in Sources */,
				A16B35302B32671F00A38050 /* NetworkManagerImpl.swift in Sources */,
				A120D33E2B1E8C5500D2B685 /* MainTabBarController.swift in Sources */,
				A119224B2B1FD15000AF2018 /* CellIdentifiers.swift in Sources */,
				A12FBA8D2B3B87B700FFAB2C /* ConfigurationDetails.swift in Sources */,
				A1DB1C7C2B34EFA300D19ED1 /* Cinema.swift in Sources */,
				A120D33A2B1E8C5500D2B685 /* AppDelegate.swift in Sources */,
				A12FBA8F2B3B987800FFAB2C /* KingfisherExtensions.swift in Sources */,
				A1735AD62B33B13B002C11FA /* URLRequestBuilder+Requests.swift in Sources */,
				A11922572B1FE38400AF2018 /* UICollectionViewExtensions.swift in Sources */,
				A1735ACF2B33A77A002C11FA /* URLRequestBuilder.swift in Sources */,
				A1A677C82B3F6D410086A6BF /* Constants.swift in Sources */,
				A16B35352B326CFE00A38050 /* Requests.swift in Sources */,
				A1D0CF6E2B3E331A00B8D8F9 /* UpcomingModel.swift in Sources */,
				A182F42B2B5B4CAB00FD84EE /* SearchResultsModel.swift in Sources */,
				A1A677C22B3F66EE0086A6BF /* UpcomingCinemaTableViewCell.swift in Sources */,
				A120D33C2B1E8C5500D2B685 /* SceneDelegate.swift in Sources */,
				A1A7A2232B362DAA00F49FF4 /* Requests+Movie.swift in Sources */,
				A16B352A2B3254FC00A38050 /* StringExtensions.swift in Sources */,
				A1A09C262B3A3D59007417D9 /* CinemaPosterCollectionViewCell.swift in Sources */,
				A16B35322B32673E00A38050 /* NetworkManagerFactory.swift in Sources */,
				A1A7A2272B364EB100F49FF4 /* TabBarSelectable.swift in Sources */,
				A1F129182B212F1A001F7D62 /* HomeHeaderView.swift in Sources */,
				A1A677D32B3F8C780086A6BF /* Requests+Discover.swift in Sources */,
				A1D0CF6C2B3E330E00B8D8F9 /* UpcomingViewModel.swift in Sources */,
				A17F0ACA2B32785300FAC765 /* BaseViewController.swift in Sources */,
				A120D35D2B1EA09E00D2B685 /* UpcomingViewController.swift in Sources */,
				A1735AD22B33AB0E002C11FA /* HTTPMethod.swift in Sources */,
				A11922502B1FDA1D00AF2018 /* HomeModel.swift in Sources */,
				A1A677BD2B3F64D90086A6BF /* PublisherExtensions.swift in Sources */,
				A120D3562B1EA07700D2B685 /* HomeViewController.swift in Sources */,
				A1A7A2252B36327800F49FF4 /* HomeDataType.swift in Sources */,
				A1F1291A2B212F28001F7D62 /* HomeHeaderViewModel.swift in Sources */,
			);
			runOnlyForDeploymentPostprocessing = 0;
		};
/* End PBXSourcesBuildPhase section */

/* Begin PBXVariantGroup section */
		A120D3442B1E8C5800D2B685 /* LaunchScreen.storyboard */ = {
			isa = PBXVariantGroup;
			children = (
				A120D3452B1E8C5800D2B685 /* Base */,
			);
			name = LaunchScreen.storyboard;
			sourceTree = "<group>";
		};
/* End PBXVariantGroup section */

/* Begin XCBuildConfiguration section */
		A120D3482B1E8C5800D2B685 /* Debug */ = {
			isa = XCBuildConfiguration;
			buildSettings = {
				ALWAYS_SEARCH_USER_PATHS = NO;
				ASSETCATALOG_COMPILER_GENERATE_SWIFT_ASSET_SYMBOL_EXTENSIONS = YES;
				CLANG_ANALYZER_NONNULL = YES;
				CLANG_ANALYZER_NUMBER_OBJECT_CONVERSION = YES_AGGRESSIVE;
				CLANG_CXX_LANGUAGE_STANDARD = "gnu++20";
				CLANG_ENABLE_MODULES = YES;
				CLANG_ENABLE_OBJC_ARC = YES;
				CLANG_ENABLE_OBJC_WEAK = YES;
				CLANG_WARN_BLOCK_CAPTURE_AUTORELEASING = YES;
				CLANG_WARN_BOOL_CONVERSION = YES;
				CLANG_WARN_COMMA = YES;
				CLANG_WARN_CONSTANT_CONVERSION = YES;
				CLANG_WARN_DEPRECATED_OBJC_IMPLEMENTATIONS = YES;
				CLANG_WARN_DIRECT_OBJC_ISA_USAGE = YES_ERROR;
				CLANG_WARN_DOCUMENTATION_COMMENTS = YES;
				CLANG_WARN_EMPTY_BODY = YES;
				CLANG_WARN_ENUM_CONVERSION = YES;
				CLANG_WARN_INFINITE_RECURSION = YES;
				CLANG_WARN_INT_CONVERSION = YES;
				CLANG_WARN_NON_LITERAL_NULL_CONVERSION = YES;
				CLANG_WARN_OBJC_IMPLICIT_RETAIN_SELF = YES;
				CLANG_WARN_OBJC_LITERAL_CONVERSION = YES;
				CLANG_WARN_OBJC_ROOT_CLASS = YES_ERROR;
				CLANG_WARN_QUOTED_INCLUDE_IN_FRAMEWORK_HEADER = YES;
				CLANG_WARN_RANGE_LOOP_ANALYSIS = YES;
				CLANG_WARN_STRICT_PROTOTYPES = YES;
				CLANG_WARN_SUSPICIOUS_MOVE = YES;
				CLANG_WARN_UNGUARDED_AVAILABILITY = YES_AGGRESSIVE;
				CLANG_WARN_UNREACHABLE_CODE = YES;
				CLANG_WARN__DUPLICATE_METHOD_MATCH = YES;
				COPY_PHASE_STRIP = NO;
				DEBUG_INFORMATION_FORMAT = dwarf;
				ENABLE_STRICT_OBJC_MSGSEND = YES;
				ENABLE_TESTABILITY = YES;
				ENABLE_USER_SCRIPT_SANDBOXING = YES;
				GCC_C_LANGUAGE_STANDARD = gnu17;
				GCC_DYNAMIC_NO_PIC = NO;
				GCC_NO_COMMON_BLOCKS = YES;
				GCC_OPTIMIZATION_LEVEL = 0;
				GCC_PREPROCESSOR_DEFINITIONS = (
					"DEBUG=1",
					"$(inherited)",
				);
				GCC_WARN_64_TO_32_BIT_CONVERSION = YES;
				GCC_WARN_ABOUT_RETURN_TYPE = YES_ERROR;
				GCC_WARN_UNDECLARED_SELECTOR = YES;
				GCC_WARN_UNINITIALIZED_AUTOS = YES_AGGRESSIVE;
				GCC_WARN_UNUSED_FUNCTION = YES;
				GCC_WARN_UNUSED_VARIABLE = YES;
				IPHONEOS_DEPLOYMENT_TARGET = 17.0;
				LOCALIZATION_PREFERS_STRING_CATALOGS = YES;
				MTL_ENABLE_DEBUG_INFO = INCLUDE_SOURCE;
				MTL_FAST_MATH = YES;
				ONLY_ACTIVE_ARCH = YES;
				SDKROOT = iphoneos;
				SWIFT_ACTIVE_COMPILATION_CONDITIONS = "DEBUG $(inherited)";
				SWIFT_OPTIMIZATION_LEVEL = "-Onone";
			};
			name = Debug;
		};
		A120D3492B1E8C5800D2B685 /* Release */ = {
			isa = XCBuildConfiguration;
			buildSettings = {
				ALWAYS_SEARCH_USER_PATHS = NO;
				ASSETCATALOG_COMPILER_GENERATE_SWIFT_ASSET_SYMBOL_EXTENSIONS = YES;
				CLANG_ANALYZER_NONNULL = YES;
				CLANG_ANALYZER_NUMBER_OBJECT_CONVERSION = YES_AGGRESSIVE;
				CLANG_CXX_LANGUAGE_STANDARD = "gnu++20";
				CLANG_ENABLE_MODULES = YES;
				CLANG_ENABLE_OBJC_ARC = YES;
				CLANG_ENABLE_OBJC_WEAK = YES;
				CLANG_WARN_BLOCK_CAPTURE_AUTORELEASING = YES;
				CLANG_WARN_BOOL_CONVERSION = YES;
				CLANG_WARN_COMMA = YES;
				CLANG_WARN_CONSTANT_CONVERSION = YES;
				CLANG_WARN_DEPRECATED_OBJC_IMPLEMENTATIONS = YES;
				CLANG_WARN_DIRECT_OBJC_ISA_USAGE = YES_ERROR;
				CLANG_WARN_DOCUMENTATION_COMMENTS = YES;
				CLANG_WARN_EMPTY_BODY = YES;
				CLANG_WARN_ENUM_CONVERSION = YES;
				CLANG_WARN_INFINITE_RECURSION = YES;
				CLANG_WARN_INT_CONVERSION = YES;
				CLANG_WARN_NON_LITERAL_NULL_CONVERSION = YES;
				CLANG_WARN_OBJC_IMPLICIT_RETAIN_SELF = YES;
				CLANG_WARN_OBJC_LITERAL_CONVERSION = YES;
				CLANG_WARN_OBJC_ROOT_CLASS = YES_ERROR;
				CLANG_WARN_QUOTED_INCLUDE_IN_FRAMEWORK_HEADER = YES;
				CLANG_WARN_RANGE_LOOP_ANALYSIS = YES;
				CLANG_WARN_STRICT_PROTOTYPES = YES;
				CLANG_WARN_SUSPICIOUS_MOVE = YES;
				CLANG_WARN_UNGUARDED_AVAILABILITY = YES_AGGRESSIVE;
				CLANG_WARN_UNREACHABLE_CODE = YES;
				CLANG_WARN__DUPLICATE_METHOD_MATCH = YES;
				COPY_PHASE_STRIP = NO;
				DEBUG_INFORMATION_FORMAT = "dwarf-with-dsym";
				ENABLE_NS_ASSERTIONS = NO;
				ENABLE_STRICT_OBJC_MSGSEND = YES;
				ENABLE_USER_SCRIPT_SANDBOXING = YES;
				GCC_C_LANGUAGE_STANDARD = gnu17;
				GCC_NO_COMMON_BLOCKS = YES;
				GCC_WARN_64_TO_32_BIT_CONVERSION = YES;
				GCC_WARN_ABOUT_RETURN_TYPE = YES_ERROR;
				GCC_WARN_UNDECLARED_SELECTOR = YES;
				GCC_WARN_UNINITIALIZED_AUTOS = YES_AGGRESSIVE;
				GCC_WARN_UNUSED_FUNCTION = YES;
				GCC_WARN_UNUSED_VARIABLE = YES;
				IPHONEOS_DEPLOYMENT_TARGET = 17.0;
				LOCALIZATION_PREFERS_STRING_CATALOGS = YES;
				MTL_ENABLE_DEBUG_INFO = NO;
				MTL_FAST_MATH = YES;
				SDKROOT = iphoneos;
				SWIFT_COMPILATION_MODE = wholemodule;
				VALIDATE_PRODUCT = YES;
			};
			name = Release;
		};
		A120D34B2B1E8C5800D2B685 /* Debug */ = {
			isa = XCBuildConfiguration;
			baseConfigurationReference = 869859BCA7E785A557EDEA98 /* Pods-NetflixClone.debug.xcconfig */;
			buildSettings = {
				ASSETCATALOG_COMPILER_APPICON_NAME = AppIcon;
				ASSETCATALOG_COMPILER_GLOBAL_ACCENT_COLOR_NAME = AccentColor;
				CODE_SIGN_STYLE = Automatic;
				CURRENT_PROJECT_VERSION = 1;
				DEVELOPMENT_TEAM = 4X4Z9SSNGG;
				ENABLE_USER_SCRIPT_SANDBOXING = NO;
				GENERATE_INFOPLIST_FILE = YES;
				INFOPLIST_FILE = NetflixClone/Resources/Info.plist;
				INFOPLIST_KEY_CFBundleDisplayName = "Netflix Clone";
				INFOPLIST_KEY_UIApplicationSupportsIndirectInputEvents = YES;
				INFOPLIST_KEY_UILaunchStoryboardName = Resources/LaunchScreen;
				INFOPLIST_KEY_UISupportedInterfaceOrientations = "UIInterfaceOrientationLandscapeLeft UIInterfaceOrientationLandscapeRight UIInterfaceOrientationPortrait";
				LD_RUNPATH_SEARCH_PATHS = (
					"$(inherited)",
					"@executable_path/Frameworks",
				);
				MARKETING_VERSION = 1.0;
				PRODUCT_BUNDLE_IDENTIFIER = com.vdshko.projects.NetflixClone;
				PRODUCT_NAME = "$(TARGET_NAME)";
				SUPPORTED_PLATFORMS = "iphoneos iphonesimulator";
				SUPPORTS_MACCATALYST = NO;
				SWIFT_EMIT_LOC_STRINGS = YES;
				SWIFT_VERSION = 5.0;
				TARGETED_DEVICE_FAMILY = 1;
			};
			name = Debug;
		};
		A120D34C2B1E8C5800D2B685 /* Release */ = {
			isa = XCBuildConfiguration;
			baseConfigurationReference = 5ADBCCD1CB6D20B152B115D6 /* Pods-NetflixClone.release.xcconfig */;
			buildSettings = {
				ASSETCATALOG_COMPILER_APPICON_NAME = AppIcon;
				ASSETCATALOG_COMPILER_GLOBAL_ACCENT_COLOR_NAME = AccentColor;
				CODE_SIGN_STYLE = Automatic;
				CURRENT_PROJECT_VERSION = 1;
				DEVELOPMENT_TEAM = 4X4Z9SSNGG;
				ENABLE_USER_SCRIPT_SANDBOXING = NO;
				GENERATE_INFOPLIST_FILE = YES;
				INFOPLIST_FILE = NetflixClone/Resources/Info.plist;
				INFOPLIST_KEY_CFBundleDisplayName = "Netflix Clone";
				INFOPLIST_KEY_UIApplicationSupportsIndirectInputEvents = YES;
				INFOPLIST_KEY_UILaunchStoryboardName = Resources/LaunchScreen;
				INFOPLIST_KEY_UISupportedInterfaceOrientations = "UIInterfaceOrientationLandscapeLeft UIInterfaceOrientationLandscapeRight UIInterfaceOrientationPortrait";
				LD_RUNPATH_SEARCH_PATHS = (
					"$(inherited)",
					"@executable_path/Frameworks",
				);
				MARKETING_VERSION = 1.0;
				PRODUCT_BUNDLE_IDENTIFIER = com.vdshko.projects.NetflixClone;
				PRODUCT_NAME = "$(TARGET_NAME)";
				SUPPORTED_PLATFORMS = "iphoneos iphonesimulator";
				SUPPORTS_MACCATALYST = NO;
				SWIFT_EMIT_LOC_STRINGS = YES;
				SWIFT_VERSION = 5.0;
				TARGETED_DEVICE_FAMILY = 1;
			};
			name = Release;
		};
/* End XCBuildConfiguration section */

/* Begin XCConfigurationList section */
		A120D3312B1E8C5500D2B685 /* Build configuration list for PBXProject "NetflixClone" */ = {
			isa = XCConfigurationList;
			buildConfigurations = (
				A120D3482B1E8C5800D2B685 /* Debug */,
				A120D3492B1E8C5800D2B685 /* Release */,
			);
			defaultConfigurationIsVisible = 0;
			defaultConfigurationName = Release;
		};
		A120D34A2B1E8C5800D2B685 /* Build configuration list for PBXNativeTarget "NetflixClone" */ = {
			isa = XCConfigurationList;
			buildConfigurations = (
				A120D34B2B1E8C5800D2B685 /* Debug */,
				A120D34C2B1E8C5800D2B685 /* Release */,
			);
			defaultConfigurationIsVisible = 0;
			defaultConfigurationName = Release;
		};
/* End XCConfigurationList section */
	};
	rootObject = A120D32E2B1E8C5500D2B685 /* Project object */;
}
