// !$*UTF8*$!
{
	archiveVersion = 1;
	classes = {
	};
	objectVersion = 56;
	objects = {

/* Begin PBXBuildFile section */
		A119224B2B1FD15000AF2018 /* CellIdentifiers.swift in Sources */ = {isa = PBXBuildFile; fileRef = A119224A2B1FD15000AF2018 /* CellIdentifiers.swift */; };
		A119224E2B1FD9FF00AF2018 /* HomeViewModel.swift in Sources */ = {isa = PBXBuildFile; fileRef = A119224D2B1FD9FF00AF2018 /* HomeViewModel.swift */; };
		A11922502B1FDA1D00AF2018 /* HomeModel.swift in Sources */ = {isa = PBXBuildFile; fileRef = A119224F2B1FDA1D00AF2018 /* HomeModel.swift */; };
		A11922522B1FDAD900AF2018 /* CollectionViewTableViewCell.swift in Sources */ = {isa = PBXBuildFile; fileRef = A11922512B1FDAD900AF2018 /* CollectionViewTableViewCell.swift */; };
		A11922552B1FDB9400AF2018 /* UITableViewExtensions.swift in Sources */ = {isa = PBXBuildFile; fileRef = A11922542B1FDB9400AF2018 /* UITableViewExtensions.swift */; };
		A11922572B1FE38400AF2018 /* UICollectionViewExtensions.swift in Sources */ = {isa = PBXBuildFile; fileRef = A11922562B1FE38400AF2018 /* UICollectionViewExtensions.swift */; };
		A119225A2B1FE55A00AF2018 /* CollectionViewTableViewCellModel.swift in Sources */ = {isa = PBXBuildFile; fileRef = A11922592B1FE55A00AF2018 /* CollectionViewTableViewCellModel.swift */; };
		A120D33A2B1E8C5500D2B685 /* AppDelegate.swift in Sources */ = {isa = PBXBuildFile; fileRef = A120D3392B1E8C5500D2B685 /* AppDelegate.swift */; };
		A120D33C2B1E8C5500D2B685 /* SceneDelegate.swift in Sources */ = {isa = PBXBuildFile; fileRef = A120D33B2B1E8C5500D2B685 /* SceneDelegate.swift */; };
		A120D33E2B1E8C5500D2B685 /* MainTabBarController.swift in Sources */ = {isa = PBXBuildFile; fileRef = A120D33D2B1E8C5500D2B685 /* MainTabBarController.swift */; };
		A120D3432B1E8C5800D2B685 /* Assets.xcassets in Resources */ = {isa = PBXBuildFile; fileRef = A120D3422B1E8C5800D2B685 /* Assets.xcassets */; };
		A120D3462B1E8C5800D2B685 /* LaunchScreen.storyboard in Resources */ = {isa = PBXBuildFile; fileRef = A120D3442B1E8C5800D2B685 /* LaunchScreen.storyboard */; };
		A120D3562B1EA07700D2B685 /* HomeViewController.swift in Sources */ = {isa = PBXBuildFile; fileRef = A120D3552B1EA07700D2B685 /* HomeViewController.swift */; };
		A120D3582B1EA08500D2B685 /* DownloadsViewController.swift in Sources */ = {isa = PBXBuildFile; fileRef = A120D3572B1EA08500D2B685 /* DownloadsViewController.swift */; };
		A120D35A2B1EA08F00D2B685 /* SearchViewController.swift in Sources */ = {isa = PBXBuildFile; fileRef = A120D3592B1EA08F00D2B685 /* SearchViewController.swift */; };
		A120D35D2B1EA09E00D2B685 /* UpcomingViewController.swift in Sources */ = {isa = PBXBuildFile; fileRef = A120D35C2B1EA09E00D2B685 /* UpcomingViewController.swift */; };
		FC36DD436E0D7F6E1DC6675F /* Pods_NetflixClone.framework in Frameworks */ = {isa = PBXBuildFile; fileRef = DA824D336C0DFC153B3BB3F6 /* Pods_NetflixClone.framework */; };
/* End PBXBuildFile section */

/* Begin PBXFileReference section */
		781037B65A931C4E73AC2042 /* Pods-NetflixClone.release.xcconfig */ = {isa = PBXFileReference; includeInIndex = 1; lastKnownFileType = text.xcconfig; name = "Pods-NetflixClone.release.xcconfig"; path = "Target Support Files/Pods-NetflixClone/Pods-NetflixClone.release.xcconfig"; sourceTree = "<group>"; };
		A119224A2B1FD15000AF2018 /* CellIdentifiers.swift */ = {isa = PBXFileReference; lastKnownFileType = sourcecode.swift; path = CellIdentifiers.swift; sourceTree = "<group>"; };
		A119224D2B1FD9FF00AF2018 /* HomeViewModel.swift */ = {isa = PBXFileReference; lastKnownFileType = sourcecode.swift; path = HomeViewModel.swift; sourceTree = "<group>"; };
		A119224F2B1FDA1D00AF2018 /* HomeModel.swift */ = {isa = PBXFileReference; lastKnownFileType = sourcecode.swift; path = HomeModel.swift; sourceTree = "<group>"; };
		A11922512B1FDAD900AF2018 /* CollectionViewTableViewCell.swift */ = {isa = PBXFileReference; lastKnownFileType = sourcecode.swift; path = CollectionViewTableViewCell.swift; sourceTree = "<group>"; };
		A11922542B1FDB9400AF2018 /* UITableViewExtensions.swift */ = {isa = PBXFileReference; lastKnownFileType = sourcecode.swift; path = UITableViewExtensions.swift; sourceTree = "<group>"; };
		A11922562B1FE38400AF2018 /* UICollectionViewExtensions.swift */ = {isa = PBXFileReference; lastKnownFileType = sourcecode.swift; path = UICollectionViewExtensions.swift; sourceTree = "<group>"; };
		A11922592B1FE55A00AF2018 /* CollectionViewTableViewCellModel.swift */ = {isa = PBXFileReference; lastKnownFileType = sourcecode.swift; path = CollectionViewTableViewCellModel.swift; sourceTree = "<group>"; };
		A120D3362B1E8C5500D2B685 /* NetflixClone.app */ = {isa = PBXFileReference; explicitFileType = wrapper.application; includeInIndex = 0; path = NetflixClone.app; sourceTree = BUILT_PRODUCTS_DIR; };
		A120D3392B1E8C5500D2B685 /* AppDelegate.swift */ = {isa = PBXFileReference; lastKnownFileType = sourcecode.swift; path = AppDelegate.swift; sourceTree = "<group>"; };
		A120D33B2B1E8C5500D2B685 /* SceneDelegate.swift */ = {isa = PBXFileReference; lastKnownFileType = sourcecode.swift; path = SceneDelegate.swift; sourceTree = "<group>"; };
		A120D33D2B1E8C5500D2B685 /* MainTabBarController.swift */ = {isa = PBXFileReference; lastKnownFileType = sourcecode.swift; path = MainTabBarController.swift; sourceTree = "<group>"; };
		A120D3422B1E8C5800D2B685 /* Assets.xcassets */ = {isa = PBXFileReference; lastKnownFileType = folder.assetcatalog; path = Assets.xcassets; sourceTree = "<group>"; };
		A120D3452B1E8C5800D2B685 /* Base */ = {isa = PBXFileReference; lastKnownFileType = file.storyboard; name = Base; path = Base.lproj/LaunchScreen.storyboard; sourceTree = "<group>"; };
		A120D3472B1E8C5800D2B685 /* Info.plist */ = {isa = PBXFileReference; lastKnownFileType = text.plist.xml; path = Info.plist; sourceTree = "<group>"; };
		A120D3552B1EA07700D2B685 /* HomeViewController.swift */ = {isa = PBXFileReference; lastKnownFileType = sourcecode.swift; path = HomeViewController.swift; sourceTree = "<group>"; };
		A120D3572B1EA08500D2B685 /* DownloadsViewController.swift */ = {isa = PBXFileReference; lastKnownFileType = sourcecode.swift; path = DownloadsViewController.swift; sourceTree = "<group>"; };
		A120D3592B1EA08F00D2B685 /* SearchViewController.swift */ = {isa = PBXFileReference; lastKnownFileType = sourcecode.swift; path = SearchViewController.swift; sourceTree = "<group>"; };
		A120D35C2B1EA09E00D2B685 /* UpcomingViewController.swift */ = {isa = PBXFileReference; lastKnownFileType = sourcecode.swift; path = UpcomingViewController.swift; sourceTree = "<group>"; };
		DA824D336C0DFC153B3BB3F6 /* Pods_NetflixClone.framework */ = {isa = PBXFileReference; explicitFileType = wrapper.framework; includeInIndex = 0; path = Pods_NetflixClone.framework; sourceTree = BUILT_PRODUCTS_DIR; };
		EF41FB13BE5CC453AC4328AE /* Pods-NetflixClone.debug.xcconfig */ = {isa = PBXFileReference; includeInIndex = 1; lastKnownFileType = text.xcconfig; name = "Pods-NetflixClone.debug.xcconfig"; path = "Target Support Files/Pods-NetflixClone/Pods-NetflixClone.debug.xcconfig"; sourceTree = "<group>"; };
/* End PBXFileReference section */

/* Begin PBXFrameworksBuildPhase section */
		A120D3332B1E8C5500D2B685 /* Frameworks */ = {
			isa = PBXFrameworksBuildPhase;
			buildActionMask = 2147483647;
			files = (
				FC36DD436E0D7F6E1DC6675F /* Pods_NetflixClone.framework in Frameworks */,
			);
			runOnlyForDeploymentPostprocessing = 0;
		};
/* End PBXFrameworksBuildPhase section */

/* Begin PBXGroup section */
		6D260F65B7DEE709A088CDA4 /* Frameworks */ = {
			isa = PBXGroup;
			children = (
				DA824D336C0DFC153B3BB3F6 /* Pods_NetflixClone.framework */,
			);
			name = Frameworks;
			sourceTree = "<group>";
		};
		A11922462B1FD08500AF2018 /* Common */ = {
			isa = PBXGroup;
			children = (
				A11922472B1FD09100AF2018 /* Constants */,
				A11922532B1FDB3C00AF2018 /* Extensions */,
			);
			path = Common;
			sourceTree = "<group>";
		};
		A11922472B1FD09100AF2018 /* Constants */ = {
			isa = PBXGroup;
			children = (
				A119224A2B1FD15000AF2018 /* CellIdentifiers.swift */,
			);
			path = Constants;
			sourceTree = "<group>";
		};
		A119224C2B1FD9BC00AF2018 /* Cells */ = {
			isa = PBXGroup;
			children = (
				A11922582B1FE54E00AF2018 /* CollectionViewTableViewCell */,
			);
			path = Cells;
			sourceTree = "<group>";
		};
		A11922532B1FDB3C00AF2018 /* Extensions */ = {
			isa = PBXGroup;
			children = (
				A11922542B1FDB9400AF2018 /* UITableViewExtensions.swift */,
				A11922562B1FE38400AF2018 /* UICollectionViewExtensions.swift */,
			);
			path = Extensions;
			sourceTree = "<group>";
		};
		A11922582B1FE54E00AF2018 /* CollectionViewTableViewCell */ = {
			isa = PBXGroup;
			children = (
				A11922512B1FDAD900AF2018 /* CollectionViewTableViewCell.swift */,
				A11922592B1FE55A00AF2018 /* CollectionViewTableViewCellModel.swift */,
			);
			path = CollectionViewTableViewCell;
			sourceTree = "<group>";
		};
		A120D32D2B1E8C5500D2B685 = {
			isa = PBXGroup;
			children = (
				A120D3382B1E8C5500D2B685 /* NetflixClone */,
				A120D3372B1E8C5500D2B685 /* Products */,
				F6D97BC3C25FEBFE8BA283DE /* Pods */,
				6D260F65B7DEE709A088CDA4 /* Frameworks */,
			);
			sourceTree = "<group>";
		};
		A120D3372B1E8C5500D2B685 /* Products */ = {
			isa = PBXGroup;
			children = (
				A120D3362B1E8C5500D2B685 /* NetflixClone.app */,
			);
			name = Products;
			sourceTree = "<group>";
		};
		A120D3382B1E8C5500D2B685 /* NetflixClone */ = {
			isa = PBXGroup;
			children = (
				A120D34E2B1E9D7F00D2B685 /* AppDelegate */,
				A11922462B1FD08500AF2018 /* Common */,
				A120D34F2B1E9D9100D2B685 /* Flow */,
				A120D3502B1E9D9A00D2B685 /* Resources */,
			);
			path = NetflixClone;
			sourceTree = "<group>";
		};
		A120D34E2B1E9D7F00D2B685 /* AppDelegate */ = {
			isa = PBXGroup;
			children = (
				A120D3392B1E8C5500D2B685 /* AppDelegate.swift */,
				A120D33B2B1E8C5500D2B685 /* SceneDelegate.swift */,
			);
			path = AppDelegate;
			sourceTree = "<group>";
		};
		A120D34F2B1E9D9100D2B685 /* Flow */ = {
			isa = PBXGroup;
			children = (
				A120D3542B1EA05100D2B685 /* Downloads */,
				A120D3512B1EA03200D2B685 /* Home */,
				A120D33D2B1E8C5500D2B685 /* MainTabBarController.swift */,
				A120D3532B1EA04B00D2B685 /* Search */,
				A120D3522B1EA03B00D2B685 /* Upcoming */,
			);
			path = Flow;
			sourceTree = "<group>";
		};
		A120D3502B1E9D9A00D2B685 /* Resources */ = {
			isa = PBXGroup;
			children = (
				A120D3422B1E8C5800D2B685 /* Assets.xcassets */,
				A120D3472B1E8C5800D2B685 /* Info.plist */,
				A120D3442B1E8C5800D2B685 /* LaunchScreen.storyboard */,
			);
			path = Resources;
			sourceTree = "<group>";
		};
		A120D3512B1EA03200D2B685 /* Home */ = {
			isa = PBXGroup;
			children = (
				A119224C2B1FD9BC00AF2018 /* Cells */,
				A119224F2B1FDA1D00AF2018 /* HomeModel.swift */,
				A120D3552B1EA07700D2B685 /* HomeViewController.swift */,
				A119224D2B1FD9FF00AF2018 /* HomeViewModel.swift */,
			);
			path = Home;
			sourceTree = "<group>";
		};
		A120D3522B1EA03B00D2B685 /* Upcoming */ = {
			isa = PBXGroup;
			children = (
				A120D35C2B1EA09E00D2B685 /* UpcomingViewController.swift */,
			);
			path = Upcoming;
			sourceTree = "<group>";
		};
		A120D3532B1EA04B00D2B685 /* Search */ = {
			isa = PBXGroup;
			children = (
				A120D3592B1EA08F00D2B685 /* SearchViewController.swift */,
			);
			path = Search;
			sourceTree = "<group>";
		};
		A120D3542B1EA05100D2B685 /* Downloads */ = {
			isa = PBXGroup;
			children = (
				A120D3572B1EA08500D2B685 /* DownloadsViewController.swift */,
			);
			path = Downloads;
			sourceTree = "<group>";
		};
		F6D97BC3C25FEBFE8BA283DE /* Pods */ = {
			isa = PBXGroup;
			children = (
				EF41FB13BE5CC453AC4328AE /* Pods-NetflixClone.debug.xcconfig */,
				781037B65A931C4E73AC2042 /* Pods-NetflixClone.release.xcconfig */,
			);
			path = Pods;
			sourceTree = "<group>";
		};
/* End PBXGroup section */

/* Begin PBXNativeTarget section */
		A120D3352B1E8C5500D2B685 /* NetflixClone */ = {
			isa = PBXNativeTarget;
			buildConfigurationList = A120D34A2B1E8C5800D2B685 /* Build configuration list for PBXNativeTarget "NetflixClone" */;
			buildPhases = (
				B369B537B1D19FEA2970821B /* [CP] Check Pods Manifest.lock */,
				A120D3322B1E8C5500D2B685 /* Sources */,
				A120D34D2B1E911500D2B685 /* Swiftlint */,
				A120D3332B1E8C5500D2B685 /* Frameworks */,
				A120D3342B1E8C5500D2B685 /* Resources */,
			);
			buildRules = (
			);
			dependencies = (
			);
			name = NetflixClone;
			productName = NetflixClone;
			productReference = A120D3362B1E8C5500D2B685 /* NetflixClone.app */;
			productType = "com.apple.product-type.application";
		};
/* End PBXNativeTarget section */

/* Begin PBXProject section */
		A120D32E2B1E8C5500D2B685 /* Project object */ = {
			isa = PBXProject;
			attributes = {
				BuildIndependentTargetsInParallel = 1;
				LastSwiftUpdateCheck = 1500;
				LastUpgradeCheck = 1500;
				TargetAttributes = {
					A120D3352B1E8C5500D2B685 = {
						CreatedOnToolsVersion = 15.0.1;
					};
				};
			};
			buildConfigurationList = A120D3312B1E8C5500D2B685 /* Build configuration list for PBXProject "NetflixClone" */;
			compatibilityVersion = "Xcode 14.0";
			developmentRegion = en;
			hasScannedForEncodings = 0;
			knownRegions = (
				en,
				Base,
			);
			mainGroup = A120D32D2B1E8C5500D2B685;
			productRefGroup = A120D3372B1E8C5500D2B685 /* Products */;
			projectDirPath = "";
			projectRoot = "";
			targets = (
				A120D3352B1E8C5500D2B685 /* NetflixClone */,
			);
		};
/* End PBXProject section */

/* Begin PBXResourcesBuildPhase section */
		A120D3342B1E8C5500D2B685 /* Resources */ = {
			isa = PBXResourcesBuildPhase;
			buildActionMask = 2147483647;
			files = (
				A120D3462B1E8C5800D2B685 /* LaunchScreen.storyboard in Resources */,
				A120D3432B1E8C5800D2B685 /* Assets.xcassets in Resources */,
			);
			runOnlyForDeploymentPostprocessing = 0;
		};
/* End PBXResourcesBuildPhase section */

/* Begin PBXShellScriptBuildPhase section */
		A120D34D2B1E911500D2B685 /* Swiftlint */ = {
			isa = PBXShellScriptBuildPhase;
			alwaysOutOfDate = 1;
			buildActionMask = 2147483647;
			files = (
			);
			inputFileListPaths = (
			);
			inputPaths = (
			);
			name = Swiftlint;
			outputFileListPaths = (
			);
			outputPaths = (
			);
			runOnlyForDeploymentPostprocessing = 0;
			shellPath = /bin/sh;
			shellScript = "$SRCROOT/swiftlint/run-swiftlint.sh\n";
		};
		B369B537B1D19FEA2970821B /* [CP] Check Pods Manifest.lock */ = {
			isa = PBXShellScriptBuildPhase;
			buildActionMask = 2147483647;
			files = (
			);
			inputFileListPaths = (
			);
			inputPaths = (
				"${PODS_PODFILE_DIR_PATH}/Podfile.lock",
				"${PODS_ROOT}/Manifest.lock",
			);
			name = "[CP] Check Pods Manifest.lock";
			outputFileListPaths = (
			);
			outputPaths = (
				"$(DERIVED_FILE_DIR)/Pods-NetflixClone-checkManifestLockResult.txt",
			);
			runOnlyForDeploymentPostprocessing = 0;
			shellPath = /bin/sh;
			shellScript = "diff \"${PODS_PODFILE_DIR_PATH}/Podfile.lock\" \"${PODS_ROOT}/Manifest.lock\" > /dev/null\nif [ $? != 0 ] ; then\n    # print error to STDERR\n    echo \"error: The sandbox is not in sync with the Podfile.lock. Run 'pod install' or update your CocoaPods installation.\" >&2\n    exit 1\nfi\n# This output is used by Xcode 'outputs' to avoid re-running this script phase.\necho \"SUCCESS\" > \"${SCRIPT_OUTPUT_FILE_0}\"\n";
			showEnvVarsInLog = 0;
		};
/* End PBXShellScriptBuildPhase section */

/* Begin PBXSourcesBuildPhase section */
		A120D3322B1E8C5500D2B685 /* Sources */ = {
			isa = PBXSourcesBuildPhase;
			buildActionMask = 2147483647;
			files = (
				A119225A2B1FE55A00AF2018 /* CollectionViewTableViewCellModel.swift in Sources */,
				A120D35A2B1EA08F00D2B685 /* SearchViewController.swift in Sources */,
				A119224E2B1FD9FF00AF2018 /* HomeViewModel.swift in Sources */,
				A11922552B1FDB9400AF2018 /* UITableViewExtensions.swift in Sources */,
				A120D3582B1EA08500D2B685 /* DownloadsViewController.swift in Sources */,
				A11922522B1FDAD900AF2018 /* CollectionViewTableViewCell.swift in Sources */,
				A120D33E2B1E8C5500D2B685 /* MainTabBarController.swift in Sources */,
				A119224B2B1FD15000AF2018 /* CellIdentifiers.swift in Sources */,
				A120D33A2B1E8C5500D2B685 /* AppDelegate.swift in Sources */,
				A11922572B1FE38400AF2018 /* UICollectionViewExtensions.swift in Sources */,
				A120D33C2B1E8C5500D2B685 /* SceneDelegate.swift in Sources */,
				A120D35D2B1EA09E00D2B685 /* UpcomingViewController.swift in Sources */,
				A11922502B1FDA1D00AF2018 /* HomeModel.swift in Sources */,
				A120D3562B1EA07700D2B685 /* HomeViewController.swift in Sources */,
			);
			runOnlyForDeploymentPostprocessing = 0;
		};
/* End PBXSourcesBuildPhase section */

/* Begin PBXVariantGroup section */
		A120D3442B1E8C5800D2B685 /* LaunchScreen.storyboard */ = {
			isa = PBXVariantGroup;
			children = (
				A120D3452B1E8C5800D2B685 /* Base */,
			);
			name = LaunchScreen.storyboard;
			sourceTree = "<group>";
		};
/* End PBXVariantGroup section */

/* Begin XCBuildConfiguration section */
		A120D3482B1E8C5800D2B685 /* Debug */ = {
			isa = XCBuildConfiguration;
			buildSettings = {
				ALWAYS_SEARCH_USER_PATHS = NO;
				ASSETCATALOG_COMPILER_GENERATE_SWIFT_ASSET_SYMBOL_EXTENSIONS = YES;
				CLANG_ANALYZER_NONNULL = YES;
				CLANG_ANALYZER_NUMBER_OBJECT_CONVERSION = YES_AGGRESSIVE;
				CLANG_CXX_LANGUAGE_STANDARD = "gnu++20";
				CLANG_ENABLE_MODULES = YES;
				CLANG_ENABLE_OBJC_ARC = YES;
				CLANG_ENABLE_OBJC_WEAK = YES;
				CLANG_WARN_BLOCK_CAPTURE_AUTORELEASING = YES;
				CLANG_WARN_BOOL_CONVERSION = YES;
				CLANG_WARN_COMMA = YES;
				CLANG_WARN_CONSTANT_CONVERSION = YES;
				CLANG_WARN_DEPRECATED_OBJC_IMPLEMENTATIONS = YES;
				CLANG_WARN_DIRECT_OBJC_ISA_USAGE = YES_ERROR;
				CLANG_WARN_DOCUMENTATION_COMMENTS = YES;
				CLANG_WARN_EMPTY_BODY = YES;
				CLANG_WARN_ENUM_CONVERSION = YES;
				CLANG_WARN_INFINITE_RECURSION = YES;
				CLANG_WARN_INT_CONVERSION = YES;
				CLANG_WARN_NON_LITERAL_NULL_CONVERSION = YES;
				CLANG_WARN_OBJC_IMPLICIT_RETAIN_SELF = YES;
				CLANG_WARN_OBJC_LITERAL_CONVERSION = YES;
				CLANG_WARN_OBJC_ROOT_CLASS = YES_ERROR;
				CLANG_WARN_QUOTED_INCLUDE_IN_FRAMEWORK_HEADER = YES;
				CLANG_WARN_RANGE_LOOP_ANALYSIS = YES;
				CLANG_WARN_STRICT_PROTOTYPES = YES;
				CLANG_WARN_SUSPICIOUS_MOVE = YES;
				CLANG_WARN_UNGUARDED_AVAILABILITY = YES_AGGRESSIVE;
				CLANG_WARN_UNREACHABLE_CODE = YES;
				CLANG_WARN__DUPLICATE_METHOD_MATCH = YES;
				COPY_PHASE_STRIP = NO;
				DEBUG_INFORMATION_FORMAT = dwarf;
				ENABLE_STRICT_OBJC_MSGSEND = YES;
				ENABLE_TESTABILITY = YES;
				ENABLE_USER_SCRIPT_SANDBOXING = YES;
				GCC_C_LANGUAGE_STANDARD = gnu17;
				GCC_DYNAMIC_NO_PIC = NO;
				GCC_NO_COMMON_BLOCKS = YES;
				GCC_OPTIMIZATION_LEVEL = 0;
				GCC_PREPROCESSOR_DEFINITIONS = (
					"DEBUG=1",
					"$(inherited)",
				);
				GCC_WARN_64_TO_32_BIT_CONVERSION = YES;
				GCC_WARN_ABOUT_RETURN_TYPE = YES_ERROR;
				GCC_WARN_UNDECLARED_SELECTOR = YES;
				GCC_WARN_UNINITIALIZED_AUTOS = YES_AGGRESSIVE;
				GCC_WARN_UNUSED_FUNCTION = YES;
				GCC_WARN_UNUSED_VARIABLE = YES;
				IPHONEOS_DEPLOYMENT_TARGET = 17.0;
				LOCALIZATION_PREFERS_STRING_CATALOGS = YES;
				MTL_ENABLE_DEBUG_INFO = INCLUDE_SOURCE;
				MTL_FAST_MATH = YES;
				ONLY_ACTIVE_ARCH = YES;
				SDKROOT = iphoneos;
				SWIFT_ACTIVE_COMPILATION_CONDITIONS = "DEBUG $(inherited)";
				SWIFT_OPTIMIZATION_LEVEL = "-Onone";
			};
			name = Debug;
		};
		A120D3492B1E8C5800D2B685 /* Release */ = {
			isa = XCBuildConfiguration;
			buildSettings = {
				ALWAYS_SEARCH_USER_PATHS = NO;
				ASSETCATALOG_COMPILER_GENERATE_SWIFT_ASSET_SYMBOL_EXTENSIONS = YES;
				CLANG_ANALYZER_NONNULL = YES;
				CLANG_ANALYZER_NUMBER_OBJECT_CONVERSION = YES_AGGRESSIVE;
				CLANG_CXX_LANGUAGE_STANDARD = "gnu++20";
				CLANG_ENABLE_MODULES = YES;
				CLANG_ENABLE_OBJC_ARC = YES;
				CLANG_ENABLE_OBJC_WEAK = YES;
				CLANG_WARN_BLOCK_CAPTURE_AUTORELEASING = YES;
				CLANG_WARN_BOOL_CONVERSION = YES;
				CLANG_WARN_COMMA = YES;
				CLANG_WARN_CONSTANT_CONVERSION = YES;
				CLANG_WARN_DEPRECATED_OBJC_IMPLEMENTATIONS = YES;
				CLANG_WARN_DIRECT_OBJC_ISA_USAGE = YES_ERROR;
				CLANG_WARN_DOCUMENTATION_COMMENTS = YES;
				CLANG_WARN_EMPTY_BODY = YES;
				CLANG_WARN_ENUM_CONVERSION = YES;
				CLANG_WARN_INFINITE_RECURSION = YES;
				CLANG_WARN_INT_CONVERSION = YES;
				CLANG_WARN_NON_LITERAL_NULL_CONVERSION = YES;
				CLANG_WARN_OBJC_IMPLICIT_RETAIN_SELF = YES;
				CLANG_WARN_OBJC_LITERAL_CONVERSION = YES;
				CLANG_WARN_OBJC_ROOT_CLASS = YES_ERROR;
				CLANG_WARN_QUOTED_INCLUDE_IN_FRAMEWORK_HEADER = YES;
				CLANG_WARN_RANGE_LOOP_ANALYSIS = YES;
				CLANG_WARN_STRICT_PROTOTYPES = YES;
				CLANG_WARN_SUSPICIOUS_MOVE = YES;
				CLANG_WARN_UNGUARDED_AVAILABILITY = YES_AGGRESSIVE;
				CLANG_WARN_UNREACHABLE_CODE = YES;
				CLANG_WARN__DUPLICATE_METHOD_MATCH = YES;
				COPY_PHASE_STRIP = NO;
				DEBUG_INFORMATION_FORMAT = "dwarf-with-dsym";
				ENABLE_NS_ASSERTIONS = NO;
				ENABLE_STRICT_OBJC_MSGSEND = YES;
				ENABLE_USER_SCRIPT_SANDBOXING = YES;
				GCC_C_LANGUAGE_STANDARD = gnu17;
				GCC_NO_COMMON_BLOCKS = YES;
				GCC_WARN_64_TO_32_BIT_CONVERSION = YES;
				GCC_WARN_ABOUT_RETURN_TYPE = YES_ERROR;
				GCC_WARN_UNDECLARED_SELECTOR = YES;
				GCC_WARN_UNINITIALIZED_AUTOS = YES_AGGRESSIVE;
				GCC_WARN_UNUSED_FUNCTION = YES;
				GCC_WARN_UNUSED_VARIABLE = YES;
				IPHONEOS_DEPLOYMENT_TARGET = 17.0;
				LOCALIZATION_PREFERS_STRING_CATALOGS = YES;
				MTL_ENABLE_DEBUG_INFO = NO;
				MTL_FAST_MATH = YES;
				SDKROOT = iphoneos;
				SWIFT_COMPILATION_MODE = wholemodule;
				VALIDATE_PRODUCT = YES;
			};
			name = Release;
		};
		A120D34B2B1E8C5800D2B685 /* Debug */ = {
			isa = XCBuildConfiguration;
			baseConfigurationReference = EF41FB13BE5CC453AC4328AE /* Pods-NetflixClone.debug.xcconfig */;
			buildSettings = {
				ASSETCATALOG_COMPILER_APPICON_NAME = AppIcon;
				ASSETCATALOG_COMPILER_GLOBAL_ACCENT_COLOR_NAME = AccentColor;
				CODE_SIGN_STYLE = Automatic;
				CURRENT_PROJECT_VERSION = 1;
				DEVELOPMENT_TEAM = 4X4Z9SSNGG;
				ENABLE_USER_SCRIPT_SANDBOXING = NO;
				GENERATE_INFOPLIST_FILE = YES;
				INFOPLIST_FILE = NetflixClone/Resources/Info.plist;
				INFOPLIST_KEY_CFBundleDisplayName = "Netflix Clone";
				INFOPLIST_KEY_UIApplicationSupportsIndirectInputEvents = YES;
				INFOPLIST_KEY_UILaunchStoryboardName = Resources/LaunchScreen;
				INFOPLIST_KEY_UISupportedInterfaceOrientations = "UIInterfaceOrientationLandscapeLeft UIInterfaceOrientationLandscapeRight UIInterfaceOrientationPortrait";
				LD_RUNPATH_SEARCH_PATHS = (
					"$(inherited)",
					"@executable_path/Frameworks",
				);
				MARKETING_VERSION = 1.0;
				PRODUCT_BUNDLE_IDENTIFIER = com.vdshko.projects.NetflixClone;
				PRODUCT_NAME = "$(TARGET_NAME)";
				SUPPORTED_PLATFORMS = "iphoneos iphonesimulator";
				SUPPORTS_MACCATALYST = NO;
				SWIFT_EMIT_LOC_STRINGS = YES;
				SWIFT_VERSION = 5.0;
				TARGETED_DEVICE_FAMILY = 1;
			};
			name = Debug;
		};
		A120D34C2B1E8C5800D2B685 /* Release */ = {
			isa = XCBuildConfiguration;
			baseConfigurationReference = 781037B65A931C4E73AC2042 /* Pods-NetflixClone.release.xcconfig */;
			buildSettings = {
				ASSETCATALOG_COMPILER_APPICON_NAME = AppIcon;
				ASSETCATALOG_COMPILER_GLOBAL_ACCENT_COLOR_NAME = AccentColor;
				CODE_SIGN_STYLE = Automatic;
				CURRENT_PROJECT_VERSION = 1;
				DEVELOPMENT_TEAM = 4X4Z9SSNGG;
				ENABLE_USER_SCRIPT_SANDBOXING = NO;
				GENERATE_INFOPLIST_FILE = YES;
				INFOPLIST_FILE = NetflixClone/Resources/Info.plist;
				INFOPLIST_KEY_CFBundleDisplayName = "Netflix Clone";
				INFOPLIST_KEY_UIApplicationSupportsIndirectInputEvents = YES;
				INFOPLIST_KEY_UILaunchStoryboardName = Resources/LaunchScreen;
				INFOPLIST_KEY_UISupportedInterfaceOrientations = "UIInterfaceOrientationLandscapeLeft UIInterfaceOrientationLandscapeRight UIInterfaceOrientationPortrait";
				LD_RUNPATH_SEARCH_PATHS = (
					"$(inherited)",
					"@executable_path/Frameworks",
				);
				MARKETING_VERSION = 1.0;
				PRODUCT_BUNDLE_IDENTIFIER = com.vdshko.projects.NetflixClone;
				PRODUCT_NAME = "$(TARGET_NAME)";
				SUPPORTED_PLATFORMS = "iphoneos iphonesimulator";
				SUPPORTS_MACCATALYST = NO;
				SWIFT_EMIT_LOC_STRINGS = YES;
				SWIFT_VERSION = 5.0;
				TARGETED_DEVICE_FAMILY = 1;
			};
			name = Release;
		};
/* End XCBuildConfiguration section */

/* Begin XCConfigurationList section */
		A120D3312B1E8C5500D2B685 /* Build configuration list for PBXProject "NetflixClone" */ = {
			isa = XCConfigurationList;
			buildConfigurations = (
				A120D3482B1E8C5800D2B685 /* Debug */,
				A120D3492B1E8C5800D2B685 /* Release */,
			);
			defaultConfigurationIsVisible = 0;
			defaultConfigurationName = Release;
		};
		A120D34A2B1E8C5800D2B685 /* Build configuration list for PBXNativeTarget "NetflixClone" */ = {
			isa = XCConfigurationList;
			buildConfigurations = (
				A120D34B2B1E8C5800D2B685 /* Debug */,
				A120D34C2B1E8C5800D2B685 /* Release */,
			);
			defaultConfigurationIsVisible = 0;
			defaultConfigurationName = Release;
		};
/* End XCConfigurationList section */
	};
	rootObject = A120D32E2B1E8C5500D2B685 /* Project object */;
}
