PODS:
  - netfox (1.21.0)
  - SwiftLint (0.41.0)

DEPENDENCIES:
  - netfox (= 1.21.0)
  - SwiftLint (= 0.41)

SPEC REPOS:
  trunk:
    - netfox
    - SwiftLint

SPEC CHECKSUMS:
  netfox: 9d5cc727fe7576c4c7688a2504618a156b7d44b7
  SwiftLint: c585ebd615d9520d7fbdbe151f527977b0534f1e

PODFILE CHECKSUM: 313e0d44460fcd9f58210e642102bdfbb8d98aa9

COCOAPODS: 1.12.1
